// !$*UTF8*$!
{
	archiveVersion = 1;
	classes = {
	};
	objectVersion = 46;
	objects = {

/* Begin PBXBuildFile section */
		2D567CE01F2D6AEE006F3976 /* InviteService.swift in Sources */ = {isa = PBXBuildFile; fileRef = 2D567CDF1F2D6AEE006F3976 /* InviteService.swift */; };
		2D567CE21F2F8C33006F3976 /* FriendsViewController.swift in Sources */ = {isa = PBXBuildFile; fileRef = 2D567CE11F2F8C33006F3976 /* FriendsViewController.swift */; };
		2D567CE41F2F8EFA006F3976 /* FriendsTableViewCell.swift in Sources */ = {isa = PBXBuildFile; fileRef = 2D567CE31F2F8EFA006F3976 /* FriendsTableViewCell.swift */; };
		2D6073F61F32363F004C63DA /* EventService.swift in Sources */ = {isa = PBXBuildFile; fileRef = 2D6073F51F32363F004C63DA /* EventService.swift */; };
		2D6073F81F324E09004C63DA /* EventsDetailsTableViewCell.swift in Sources */ = {isa = PBXBuildFile; fileRef = 2D6073F71F324E09004C63DA /* EventsDetailsTableViewCell.swift */; };
		2D6073FA1F324F16004C63DA /* EventsDetailsViewController.swift in Sources */ = {isa = PBXBuildFile; fileRef = 2D6073F91F324F16004C63DA /* EventsDetailsViewController.swift */; };
		2D6073FC1F32810B004C63DA /* Place.swift in Sources */ = {isa = PBXBuildFile; fileRef = 2D6073FB1F32810B004C63DA /* Place.swift */; };
		2D6896B91F2BA45C00EEAEFE /* Events.storyboard in Resources */ = {isa = PBXBuildFile; fileRef = 2D6896B81F2BA45C00EEAEFE /* Events.storyboard */; };
		2D70A3391F285FD400342660 /* PlacesTableViewCell.swift in Sources */ = {isa = PBXBuildFile; fileRef = 2D70A3381F285FD400342660 /* PlacesTableViewCell.swift */; };
		2D9D2BCB1F259E5F00F4B343 /* AppDelegate.swift in Sources */ = {isa = PBXBuildFile; fileRef = 2D9D2BCA1F259E5F00F4B343 /* AppDelegate.swift */; };
		2D9D2BD21F259E5F00F4B343 /* Assets.xcassets in Resources */ = {isa = PBXBuildFile; fileRef = 2D9D2BD11F259E5F00F4B343 /* Assets.xcassets */; };
		2D9D2BEB1F26565700F4B343 /* GoogleService-Info.plist in Resources */ = {isa = PBXBuildFile; fileRef = 2D9D2BEA1F26565700F4B343 /* GoogleService-Info.plist */; };
		2D9D2BF01F2658C200F4B343 /* Login.storyboard in Resources */ = {isa = PBXBuildFile; fileRef = 2D9D2BEF1F2658C200F4B343 /* Login.storyboard */; };
		2D9D2BF21F2658E600F4B343 /* LaunchScreen.storyboard in Resources */ = {isa = PBXBuildFile; fileRef = 2D9D2BF11F2658E600F4B343 /* LaunchScreen.storyboard */; };
		2D9D2BF41F26593B00F4B343 /* LoginViewController.swift in Sources */ = {isa = PBXBuildFile; fileRef = 2D9D2BF31F26593B00F4B343 /* LoginViewController.swift */; };
		2D9D2BF91F266D8100F4B343 /* CreateUsernameViewController.swift in Sources */ = {isa = PBXBuildFile; fileRef = 2D9D2BF81F266D8100F4B343 /* CreateUsernameViewController.swift */; };
		2D9D2BFB1F2671B300F4B343 /* UserService.swift in Sources */ = {isa = PBXBuildFile; fileRef = 2D9D2BFA1F2671B300F4B343 /* UserService.swift */; };
		2D9D2BFE1F2674D000F4B343 /* Constants.swift in Sources */ = {isa = PBXBuildFile; fileRef = 2D9D2BFD1F2674D000F4B343 /* Constants.swift */; };
		2D9D2C001F2676B600F4B343 /* Storyboard+Utility.swift in Sources */ = {isa = PBXBuildFile; fileRef = 2D9D2BFF1F2676B600F4B343 /* Storyboard+Utility.swift */; };
		2D9D2C031F26792600F4B343 /* Main.storyboard in Resources */ = {isa = PBXBuildFile; fileRef = 2D9D2C021F26792600F4B343 /* Main.storyboard */; };
		2D9D2C051F267CD600F4B343 /* HomeViewController.swift in Sources */ = {isa = PBXBuildFile; fileRef = 2D9D2C041F267CD600F4B343 /* HomeViewController.swift */; };
		2D9D2C071F267CEA00F4B343 /* EventsViewController.swift in Sources */ = {isa = PBXBuildFile; fileRef = 2D9D2C061F267CEA00F4B343 /* EventsViewController.swift */; };
		2DA75C2C1F27AA9800CAFDED /* User.swift in Sources */ = {isa = PBXBuildFile; fileRef = 2DA75C2B1F27AA9800CAFDED /* User.swift */; };
		2DDDEDE01F26BAD800247AEB /* Home.storyboard in Resources */ = {isa = PBXBuildFile; fileRef = 2DDDEDDF1F26BAD800247AEB /* Home.storyboard */; };
		2DFD1F371F3138C3001C47DB /* EventsTableViewCell.swift in Sources */ = {isa = PBXBuildFile; fileRef = 2DFD1F361F3138C3001C47DB /* EventsTableViewCell.swift */; };
		909CEA6548C68D7AE189A1C0 /* Pods_TripPlanner.framework in Frameworks */ = {isa = PBXBuildFile; fileRef = B9B85FAD71296BDC00C4359B /* Pods_TripPlanner.framework */; };
		C44116521F32ADE5004125F5 /* EventBuilder.swift in Sources */ = {isa = PBXBuildFile; fileRef = C44116511F32ADE5004125F5 /* EventBuilder.swift */; };
/* End PBXBuildFile section */

/* Begin PBXFileReference section */
		1AA502DB4EBE6CDE9B7EE6EB /* Pods-TripPlanner.release.xcconfig */ = {isa = PBXFileReference; includeInIndex = 1; lastKnownFileType = text.xcconfig; name = "Pods-TripPlanner.release.xcconfig"; path = "Pods/Target Support Files/Pods-TripPlanner/Pods-TripPlanner.release.xcconfig"; sourceTree = "<group>"; };
		2D567CDF1F2D6AEE006F3976 /* InviteService.swift */ = {isa = PBXFileReference; fileEncoding = 4; lastKnownFileType = sourcecode.swift; name = InviteService.swift; path = Services/InviteService.swift; sourceTree = "<group>"; };
		2D567CE11F2F8C33006F3976 /* FriendsViewController.swift */ = {isa = PBXFileReference; fileEncoding = 4; lastKnownFileType = sourcecode.swift; name = FriendsViewController.swift; path = Controllers/FriendsViewController.swift; sourceTree = "<group>"; };
		2D567CE31F2F8EFA006F3976 /* FriendsTableViewCell.swift */ = {isa = PBXFileReference; fileEncoding = 4; lastKnownFileType = sourcecode.swift; name = FriendsTableViewCell.swift; path = Views/FriendsTableViewCell.swift; sourceTree = "<group>"; };
		2D6073F51F32363F004C63DA /* EventService.swift */ = {isa = PBXFileReference; fileEncoding = 4; lastKnownFileType = sourcecode.swift; name = EventService.swift; path = Services/EventService.swift; sourceTree = "<group>"; };
		2D6073F71F324E09004C63DA /* EventsDetailsTableViewCell.swift */ = {isa = PBXFileReference; fileEncoding = 4; lastKnownFileType = sourcecode.swift; name = EventsDetailsTableViewCell.swift; path = Views/EventsDetailsTableViewCell.swift; sourceTree = "<group>"; };
		2D6073F91F324F16004C63DA /* EventsDetailsViewController.swift */ = {isa = PBXFileReference; fileEncoding = 4; lastKnownFileType = sourcecode.swift; name = EventsDetailsViewController.swift; path = Controllers/EventsDetailsViewController.swift; sourceTree = "<group>"; };
		2D6073FB1F32810B004C63DA /* Place.swift */ = {isa = PBXFileReference; fileEncoding = 4; lastKnownFileType = sourcecode.swift; name = Place.swift; path = Models/Place.swift; sourceTree = "<group>"; };
		2D6896B81F2BA45C00EEAEFE /* Events.storyboard */ = {isa = PBXFileReference; fileEncoding = 4; lastKnownFileType = file.storyboard; path = Events.storyboard; sourceTree = "<group>"; };
		2D70A3381F285FD400342660 /* PlacesTableViewCell.swift */ = {isa = PBXFileReference; fileEncoding = 4; lastKnownFileType = sourcecode.swift; path = PlacesTableViewCell.swift; sourceTree = "<group>"; };
		2D9D2BC71F259E5F00F4B343 /* TripPlanner.app */ = {isa = PBXFileReference; explicitFileType = wrapper.application; includeInIndex = 0; path = TripPlanner.app; sourceTree = BUILT_PRODUCTS_DIR; };
		2D9D2BCA1F259E5F00F4B343 /* AppDelegate.swift */ = {isa = PBXFileReference; lastKnownFileType = sourcecode.swift; path = AppDelegate.swift; sourceTree = "<group>"; };
		2D9D2BD11F259E5F00F4B343 /* Assets.xcassets */ = {isa = PBXFileReference; lastKnownFileType = folder.assetcatalog; path = Assets.xcassets; sourceTree = "<group>"; };
		2D9D2BE81F26564C00F4B343 /* Info.plist */ = {isa = PBXFileReference; fileEncoding = 4; lastKnownFileType = text.plist.xml; name = Info.plist; path = Supporting/Info.plist; sourceTree = "<group>"; };
		2D9D2BEA1F26565700F4B343 /* GoogleService-Info.plist */ = {isa = PBXFileReference; fileEncoding = 4; lastKnownFileType = text.plist.xml; name = "GoogleService-Info.plist"; path = "Supporting/GoogleService-Info.plist"; sourceTree = "<group>"; };
		2D9D2BEF1F2658C200F4B343 /* Login.storyboard */ = {isa = PBXFileReference; fileEncoding = 4; lastKnownFileType = file.storyboard; name = Login.storyboard; path = Storyboards/Login.storyboard; sourceTree = "<group>"; };
		2D9D2BF11F2658E600F4B343 /* LaunchScreen.storyboard */ = {isa = PBXFileReference; fileEncoding = 4; lastKnownFileType = file.storyboard; name = LaunchScreen.storyboard; path = Supporting/LaunchScreen.storyboard; sourceTree = "<group>"; };
		2D9D2BF31F26593B00F4B343 /* LoginViewController.swift */ = {isa = PBXFileReference; fileEncoding = 4; lastKnownFileType = sourcecode.swift; name = LoginViewController.swift; path = Controllers/LoginViewController.swift; sourceTree = "<group>"; };
		2D9D2BF81F266D8100F4B343 /* CreateUsernameViewController.swift */ = {isa = PBXFileReference; fileEncoding = 4; lastKnownFileType = sourcecode.swift; name = CreateUsernameViewController.swift; path = Controllers/CreateUsernameViewController.swift; sourceTree = "<group>"; };
		2D9D2BFA1F2671B300F4B343 /* UserService.swift */ = {isa = PBXFileReference; fileEncoding = 4; lastKnownFileType = sourcecode.swift; name = UserService.swift; path = Services/UserService.swift; sourceTree = "<group>"; };
		2D9D2BFD1F2674D000F4B343 /* Constants.swift */ = {isa = PBXFileReference; fileEncoding = 4; lastKnownFileType = sourcecode.swift; name = Constants.swift; path = Supporting/Constants.swift; sourceTree = "<group>"; };
		2D9D2BFF1F2676B600F4B343 /* Storyboard+Utility.swift */ = {isa = PBXFileReference; fileEncoding = 4; lastKnownFileType = sourcecode.swift; name = "Storyboard+Utility.swift"; path = "Extensions/Storyboard+Utility.swift"; sourceTree = "<group>"; };
		2D9D2C021F26792600F4B343 /* Main.storyboard */ = {isa = PBXFileReference; fileEncoding = 4; lastKnownFileType = file.storyboard; name = Main.storyboard; path = Storyboards/Main.storyboard; sourceTree = "<group>"; };
		2D9D2C041F267CD600F4B343 /* HomeViewController.swift */ = {isa = PBXFileReference; fileEncoding = 4; lastKnownFileType = sourcecode.swift; name = HomeViewController.swift; path = Controllers/HomeViewController.swift; sourceTree = "<group>"; };
		2D9D2C061F267CEA00F4B343 /* EventsViewController.swift */ = {isa = PBXFileReference; fileEncoding = 4; lastKnownFileType = sourcecode.swift; name = EventsViewController.swift; path = Controllers/EventsViewController.swift; sourceTree = "<group>"; };
		2DA75C2B1F27AA9800CAFDED /* User.swift */ = {isa = PBXFileReference; fileEncoding = 4; lastKnownFileType = sourcecode.swift; name = User.swift; path = Models/User.swift; sourceTree = "<group>"; };
		2DDDEDDF1F26BAD800247AEB /* Home.storyboard */ = {isa = PBXFileReference; fileEncoding = 4; lastKnownFileType = file.storyboard; name = Home.storyboard; path = Storyboards/Home.storyboard; sourceTree = "<group>"; };
		2DFD1F361F3138C3001C47DB /* EventsTableViewCell.swift */ = {isa = PBXFileReference; fileEncoding = 4; lastKnownFileType = sourcecode.swift; name = EventsTableViewCell.swift; path = Views/EventsTableViewCell.swift; sourceTree = "<group>"; };
		4BF1B069441D264BD3E7B0FC /* Pods-TripPlanner.debug.xcconfig */ = {isa = PBXFileReference; includeInIndex = 1; lastKnownFileType = text.xcconfig; name = "Pods-TripPlanner.debug.xcconfig"; path = "Pods/Target Support Files/Pods-TripPlanner/Pods-TripPlanner.debug.xcconfig"; sourceTree = "<group>"; };
		B9B85FAD71296BDC00C4359B /* Pods_TripPlanner.framework */ = {isa = PBXFileReference; explicitFileType = wrapper.framework; includeInIndex = 0; path = Pods_TripPlanner.framework; sourceTree = BUILT_PRODUCTS_DIR; };
		C44116511F32ADE5004125F5 /* EventBuilder.swift */ = {isa = PBXFileReference; fileEncoding = 4; lastKnownFileType = sourcecode.swift; path = EventBuilder.swift; sourceTree = "<group>"; };
/* End PBXFileReference section */

/* Begin PBXFrameworksBuildPhase section */
		2D9D2BC41F259E5F00F4B343 /* Frameworks */ = {
			isa = PBXFrameworksBuildPhase;
			buildActionMask = 2147483647;
			files = (
				909CEA6548C68D7AE189A1C0 /* Pods_TripPlanner.framework in Frameworks */,
			);
			runOnlyForDeploymentPostprocessing = 0;
		};
/* End PBXFrameworksBuildPhase section */

/* Begin PBXGroup section */
		2693F93819D9FE036187CCB6 /* Pods */ = {
			isa = PBXGroup;
			children = (
				4BF1B069441D264BD3E7B0FC /* Pods-TripPlanner.debug.xcconfig */,
				1AA502DB4EBE6CDE9B7EE6EB /* Pods-TripPlanner.release.xcconfig */,
			);
			name = Pods;
			sourceTree = "<group>";
		};
		2D6896BC1F2BAD7800EEAEFE /* Views */ = {
			isa = PBXGroup;
			children = (
				2D70A3381F285FD400342660 /* PlacesTableViewCell.swift */,
				2D567CE31F2F8EFA006F3976 /* FriendsTableViewCell.swift */,
				2DFD1F361F3138C3001C47DB /* EventsTableViewCell.swift */,
				2D6073F71F324E09004C63DA /* EventsDetailsTableViewCell.swift */,
			);
			name = Views;
			sourceTree = "<group>";
		};
		2D9D2BBE1F259E5F00F4B343 = {
			isa = PBXGroup;
			children = (
				2D9D2BC91F259E5F00F4B343 /* TripPlanner */,
				2D9D2BC81F259E5F00F4B343 /* Products */,
				2693F93819D9FE036187CCB6 /* Pods */,
				B0C7DAF683F5AAC7CA39C4F9 /* Frameworks */,
			);
			sourceTree = "<group>";
		};
		2D9D2BC81F259E5F00F4B343 /* Products */ = {
			isa = PBXGroup;
			children = (
				2D9D2BC71F259E5F00F4B343 /* TripPlanner.app */,
			);
			name = Products;
			sourceTree = "<group>";
		};
		2D9D2BC91F259E5F00F4B343 /* TripPlanner */ = {
			isa = PBXGroup;
			children = (
				2D9D2BCA1F259E5F00F4B343 /* AppDelegate.swift */,
				2D9D2BD11F259E5F00F4B343 /* Assets.xcassets */,
				2D9D2BEE1F2657B700F4B343 /* Supporting Files */,
				2D9D2BED1F26576100F4B343 /* Storyboards */,
				2D9D2BEC1F26575300F4B343 /* View Controllers */,
				2D9D2BF71F2666D900F4B343 /* Models */,
				2D9D2BFC1F2671BC00F4B343 /* Services */,
				2D9D2C011F2676BA00F4B343 /* Extensions */,
				2D6896BC1F2BAD7800EEAEFE /* Views */,
			);
			path = TripPlanner;
			sourceTree = "<group>";
		};
		2D9D2BEC1F26575300F4B343 /* View Controllers */ = {
			isa = PBXGroup;
			children = (
				2D9D2BF31F26593B00F4B343 /* LoginViewController.swift */,
				2D9D2BF81F266D8100F4B343 /* CreateUsernameViewController.swift */,
				2D9D2C041F267CD600F4B343 /* HomeViewController.swift */,
				2D9D2C061F267CEA00F4B343 /* EventsViewController.swift */,
				2D567CE11F2F8C33006F3976 /* FriendsViewController.swift */,
				2D6073F91F324F16004C63DA /* EventsDetailsViewController.swift */,
			);
			name = "View Controllers";
			sourceTree = "<group>";
		};
		2D9D2BED1F26576100F4B343 /* Storyboards */ = {
			isa = PBXGroup;
			children = (
				2D9D2C021F26792600F4B343 /* Main.storyboard */,
				2D6896B81F2BA45C00EEAEFE /* Events.storyboard */,
				2DDDEDDF1F26BAD800247AEB /* Home.storyboard */,
				2D9D2BEF1F2658C200F4B343 /* Login.storyboard */,
			);
			name = Storyboards;
			sourceTree = "<group>";
		};
		2D9D2BEE1F2657B700F4B343 /* Supporting Files */ = {
			isa = PBXGroup;
			children = (
				2D9D2BF11F2658E600F4B343 /* LaunchScreen.storyboard */,
				2D9D2BEA1F26565700F4B343 /* GoogleService-Info.plist */,
				2D9D2BE81F26564C00F4B343 /* Info.plist */,
				2D9D2BFD1F2674D000F4B343 /* Constants.swift */,
			);
			name = "Supporting Files";
			sourceTree = "<group>";
		};
		2D9D2BF71F2666D900F4B343 /* Models */ = {
			isa = PBXGroup;
			children = (
				2DA75C2B1F27AA9800CAFDED /* User.swift */,
				2D6073FB1F32810B004C63DA /* Place.swift */,
				C44116511F32ADE5004125F5 /* EventBuilder.swift */,
			);
			name = Models;
			sourceTree = "<group>";
		};
		2D9D2BFC1F2671BC00F4B343 /* Services */ = {
			isa = PBXGroup;
			children = (
				2D9D2BFA1F2671B300F4B343 /* UserService.swift */,
				2D567CDF1F2D6AEE006F3976 /* InviteService.swift */,
				2D6073F51F32363F004C63DA /* EventService.swift */,
			);
			name = Services;
			sourceTree = "<group>";
		};
		2D9D2C011F2676BA00F4B343 /* Extensions */ = {
			isa = PBXGroup;
			children = (
				2D9D2BFF1F2676B600F4B343 /* Storyboard+Utility.swift */,
			);
			name = Extensions;
			sourceTree = "<group>";
		};
		B0C7DAF683F5AAC7CA39C4F9 /* Frameworks */ = {
			isa = PBXGroup;
			children = (
				B9B85FAD71296BDC00C4359B /* Pods_TripPlanner.framework */,
			);
			name = Frameworks;
			sourceTree = "<group>";
		};
/* End PBXGroup section */

/* Begin PBXNativeTarget section */
		2D9D2BC61F259E5F00F4B343 /* TripPlanner */ = {
			isa = PBXNativeTarget;
			buildConfigurationList = 2D9D2BD91F259E5F00F4B343 /* Build configuration list for PBXNativeTarget "TripPlanner" */;
			buildPhases = (
				DA2EBD34CF669849FF4779E3 /* [CP] Check Pods Manifest.lock */,
				2D9D2BC31F259E5F00F4B343 /* Sources */,
				2D9D2BC41F259E5F00F4B343 /* Frameworks */,
				2D9D2BC51F259E5F00F4B343 /* Resources */,
				A453FE03D076ABAAB317EED8 /* [CP] Embed Pods Frameworks */,
				A2D100CE27B6887321C66605 /* [CP] Copy Pods Resources */,
			);
			buildRules = (
			);
			dependencies = (
			);
			name = TripPlanner;
			productName = TripPlanner;
			productReference = 2D9D2BC71F259E5F00F4B343 /* TripPlanner.app */;
			productType = "com.apple.product-type.application";
		};
/* End PBXNativeTarget section */

/* Begin PBXProject section */
		2D9D2BBF1F259E5F00F4B343 /* Project object */ = {
			isa = PBXProject;
			attributes = {
				LastSwiftUpdateCheck = 0830;
				LastUpgradeCheck = 0830;
				ORGANIZATIONNAME = "Vanya Rohatgi";
				TargetAttributes = {
					2D9D2BC61F259E5F00F4B343 = {
						CreatedOnToolsVersion = 8.3.3;
						DevelopmentTeam = D8FYK73U57;
						ProvisioningStyle = Automatic;
					};
				};
			};
			buildConfigurationList = 2D9D2BC21F259E5F00F4B343 /* Build configuration list for PBXProject "TripPlanner" */;
			compatibilityVersion = "Xcode 3.2";
			developmentRegion = English;
			hasScannedForEncodings = 0;
			knownRegions = (
				en,
				Base,
			);
			mainGroup = 2D9D2BBE1F259E5F00F4B343;
			productRefGroup = 2D9D2BC81F259E5F00F4B343 /* Products */;
			projectDirPath = "";
			projectRoot = "";
			targets = (
				2D9D2BC61F259E5F00F4B343 /* TripPlanner */,
			);
		};
/* End PBXProject section */

/* Begin PBXResourcesBuildPhase section */
		2D9D2BC51F259E5F00F4B343 /* Resources */ = {
			isa = PBXResourcesBuildPhase;
			buildActionMask = 2147483647;
			files = (
				2D9D2BEB1F26565700F4B343 /* GoogleService-Info.plist in Resources */,
				2D9D2C031F26792600F4B343 /* Main.storyboard in Resources */,
				2D9D2BD21F259E5F00F4B343 /* Assets.xcassets in Resources */,
				2DDDEDE01F26BAD800247AEB /* Home.storyboard in Resources */,
				2D6896B91F2BA45C00EEAEFE /* Events.storyboard in Resources */,
				2D9D2BF21F2658E600F4B343 /* LaunchScreen.storyboard in Resources */,
				2D9D2BF01F2658C200F4B343 /* Login.storyboard in Resources */,
			);
			runOnlyForDeploymentPostprocessing = 0;
		};
/* End PBXResourcesBuildPhase section */

/* Begin PBXShellScriptBuildPhase section */
		A2D100CE27B6887321C66605 /* [CP] Copy Pods Resources */ = {
			isa = PBXShellScriptBuildPhase;
			buildActionMask = 2147483647;
			files = (
			);
			inputPaths = (
			);
			name = "[CP] Copy Pods Resources";
			outputPaths = (
			);
			runOnlyForDeploymentPostprocessing = 0;
			shellPath = /bin/sh;
			shellScript = "\"${SRCROOT}/Pods/Target Support Files/Pods-TripPlanner/Pods-TripPlanner-resources.sh\"\n";
			showEnvVarsInLog = 0;
		};
		A453FE03D076ABAAB317EED8 /* [CP] Embed Pods Frameworks */ = {
			isa = PBXShellScriptBuildPhase;
			buildActionMask = 2147483647;
			files = (
			);
			inputPaths = (
			);
			name = "[CP] Embed Pods Frameworks";
			outputPaths = (
			);
			runOnlyForDeploymentPostprocessing = 0;
			shellPath = /bin/sh;
			shellScript = "\"${SRCROOT}/Pods/Target Support Files/Pods-TripPlanner/Pods-TripPlanner-frameworks.sh\"\n";
			showEnvVarsInLog = 0;
		};
		DA2EBD34CF669849FF4779E3 /* [CP] Check Pods Manifest.lock */ = {
			isa = PBXShellScriptBuildPhase;
			buildActionMask = 2147483647;
			files = (
			);
			inputPaths = (
			);
			name = "[CP] Check Pods Manifest.lock";
			outputPaths = (
			);
			runOnlyForDeploymentPostprocessing = 0;
			shellPath = /bin/sh;
			shellScript = "diff \"${PODS_PODFILE_DIR_PATH}/Podfile.lock\" \"${PODS_ROOT}/Manifest.lock\" > /dev/null\nif [ $? != 0 ] ; then\n    # print error to STDERR\n    echo \"error: The sandbox is not in sync with the Podfile.lock. Run 'pod install' or update your CocoaPods installation.\" >&2\n    exit 1\nfi\n";
			showEnvVarsInLog = 0;
		};
/* End PBXShellScriptBuildPhase section */

/* Begin PBXSourcesBuildPhase section */
		2D9D2BC31F259E5F00F4B343 /* Sources */ = {
			isa = PBXSourcesBuildPhase;
			buildActionMask = 2147483647;
			files = (
				2D9D2BF41F26593B00F4B343 /* LoginViewController.swift in Sources */,
				2D9D2BFB1F2671B300F4B343 /* UserService.swift in Sources */,
				2D6073F81F324E09004C63DA /* EventsDetailsTableViewCell.swift in Sources */,
				2D9D2C051F267CD600F4B343 /* HomeViewController.swift in Sources */,
				2D6073FA1F324F16004C63DA /* EventsDetailsViewController.swift in Sources */,
				2D6073F61F32363F004C63DA /* EventService.swift in Sources */,
				2D9D2C001F2676B600F4B343 /* Storyboard+Utility.swift in Sources */,
				2D567CE41F2F8EFA006F3976 /* FriendsTableViewCell.swift in Sources */,
				C44116521F32ADE5004125F5 /* EventBuilder.swift in Sources */,
				2D567CE21F2F8C33006F3976 /* FriendsViewController.swift in Sources */,
				2D9D2C071F267CEA00F4B343 /* EventsViewController.swift in Sources */,
				2D567CE01F2D6AEE006F3976 /* InviteService.swift in Sources */,
				2DFD1F371F3138C3001C47DB /* EventsTableViewCell.swift in Sources */,
				2D70A3391F285FD400342660 /* PlacesTableViewCell.swift in Sources */,
				2DA75C2C1F27AA9800CAFDED /* User.swift in Sources */,
				2D9D2BFE1F2674D000F4B343 /* Constants.swift in Sources */,
				2D9D2BF91F266D8100F4B343 /* CreateUsernameViewController.swift in Sources */,
				2D9D2BCB1F259E5F00F4B343 /* AppDelegate.swift in Sources */,
				2D6073FC1F32810B004C63DA /* Place.swift in Sources */,
			);
			runOnlyForDeploymentPostprocessing = 0;
		};
/* End PBXSourcesBuildPhase section */

/* Begin XCBuildConfiguration section */
		2D9D2BD71F259E5F00F4B343 /* Debug */ = {
			isa = XCBuildConfiguration;
			buildSettings = {
				ALWAYS_SEARCH_USER_PATHS = NO;
				CLANG_ANALYZER_NONNULL = YES;
				CLANG_ANALYZER_NUMBER_OBJECT_CONVERSION = YES_AGGRESSIVE;
				CLANG_CXX_LANGUAGE_STANDARD = "gnu++0x";
				CLANG_CXX_LIBRARY = "libc++";
				CLANG_ENABLE_MODULES = YES;
				CLANG_ENABLE_OBJC_ARC = YES;
				CLANG_WARN_BOOL_CONVERSION = YES;
				CLANG_WARN_CONSTANT_CONVERSION = YES;
				CLANG_WARN_DIRECT_OBJC_ISA_USAGE = YES_ERROR;
				CLANG_WARN_DOCUMENTATION_COMMENTS = YES;
				CLANG_WARN_EMPTY_BODY = YES;
				CLANG_WARN_ENUM_CONVERSION = YES;
				CLANG_WARN_INFINITE_RECURSION = YES;
				CLANG_WARN_INT_CONVERSION = YES;
				CLANG_WARN_OBJC_ROOT_CLASS = YES_ERROR;
				CLANG_WARN_SUSPICIOUS_MOVE = YES;
				CLANG_WARN_UNREACHABLE_CODE = YES;
				CLANG_WARN__DUPLICATE_METHOD_MATCH = YES;
				"CODE_SIGN_IDENTITY[sdk=iphoneos*]" = "iPhone Developer";
				COPY_PHASE_STRIP = NO;
				DEBUG_INFORMATION_FORMAT = dwarf;
				ENABLE_STRICT_OBJC_MSGSEND = YES;
				ENABLE_TESTABILITY = YES;
				GCC_C_LANGUAGE_STANDARD = gnu99;
				GCC_DYNAMIC_NO_PIC = NO;
				GCC_NO_COMMON_BLOCKS = YES;
				GCC_OPTIMIZATION_LEVEL = 0;
				GCC_PREPROCESSOR_DEFINITIONS = (
					"DEBUG=1",
					"$(inherited)",
				);
				GCC_WARN_64_TO_32_BIT_CONVERSION = YES;
				GCC_WARN_ABOUT_RETURN_TYPE = YES_ERROR;
				GCC_WARN_UNDECLARED_SELECTOR = YES;
				GCC_WARN_UNINITIALIZED_AUTOS = YES_AGGRESSIVE;
				GCC_WARN_UNUSED_FUNCTION = YES;
				GCC_WARN_UNUSED_VARIABLE = YES;
				IPHONEOS_DEPLOYMENT_TARGET = 10.3;
				MTL_ENABLE_DEBUG_INFO = YES;
				ONLY_ACTIVE_ARCH = YES;
				SDKROOT = iphoneos;
				SWIFT_ACTIVE_COMPILATION_CONDITIONS = DEBUG;
				SWIFT_OPTIMIZATION_LEVEL = "-Onone";
			};
			name = Debug;
		};
		2D9D2BD81F259E5F00F4B343 /* Release */ = {
			isa = XCBuildConfiguration;
			buildSettings = {
				ALWAYS_SEARCH_USER_PATHS = NO;
				CLANG_ANALYZER_NONNULL = YES;
				CLANG_ANALYZER_NUMBER_OBJECT_CONVERSION = YES_AGGRESSIVE;
				CLANG_CXX_LANGUAGE_STANDARD = "gnu++0x";
				CLANG_CXX_LIBRARY = "libc++";
				CLANG_ENABLE_MODULES = YES;
				CLANG_ENABLE_OBJC_ARC = YES;
				CLANG_WARN_BOOL_CONVERSION = YES;
				CLANG_WARN_CONSTANT_CONVERSION = YES;
				CLANG_WARN_DIRECT_OBJC_ISA_USAGE = YES_ERROR;
				CLANG_WARN_DOCUMENTATION_COMMENTS = YES;
				CLANG_WARN_EMPTY_BODY = YES;
				CLANG_WARN_ENUM_CONVERSION = YES;
				CLANG_WARN_INFINITE_RECURSION = YES;
				CLANG_WARN_INT_CONVERSION = YES;
				CLANG_WARN_OBJC_ROOT_CLASS = YES_ERROR;
				CLANG_WARN_SUSPICIOUS_MOVE = YES;
				CLANG_WARN_UNREACHABLE_CODE = YES;
				CLANG_WARN__DUPLICATE_METHOD_MATCH = YES;
				"CODE_SIGN_IDENTITY[sdk=iphoneos*]" = "iPhone Developer";
				COPY_PHASE_STRIP = NO;
				DEBUG_INFORMATION_FORMAT = "dwarf-with-dsym";
				ENABLE_NS_ASSERTIONS = NO;
				ENABLE_STRICT_OBJC_MSGSEND = YES;
				GCC_C_LANGUAGE_STANDARD = gnu99;
				GCC_NO_COMMON_BLOCKS = YES;
				GCC_WARN_64_TO_32_BIT_CONVERSION = YES;
				GCC_WARN_ABOUT_RETURN_TYPE = YES_ERROR;
				GCC_WARN_UNDECLARED_SELECTOR = YES;
				GCC_WARN_UNINITIALIZED_AUTOS = YES_AGGRESSIVE;
				GCC_WARN_UNUSED_FUNCTION = YES;
				GCC_WARN_UNUSED_VARIABLE = YES;
				IPHONEOS_DEPLOYMENT_TARGET = 10.3;
				MTL_ENABLE_DEBUG_INFO = NO;
				SDKROOT = iphoneos;
				SWIFT_OPTIMIZATION_LEVEL = "-Owholemodule";
				VALIDATE_PRODUCT = YES;
			};
			name = Release;
		};
		2D9D2BDA1F259E5F00F4B343 /* Debug */ = {
			isa = XCBuildConfiguration;
			baseConfigurationReference = 4BF1B069441D264BD3E7B0FC /* Pods-TripPlanner.debug.xcconfig */;
			buildSettings = {
				ASSETCATALOG_COMPILER_APPICON_NAME = AppIcon;
				DEVELOPMENT_TEAM = D8FYK73U57;
				INFOPLIST_FILE = "$(SRCROOT)/TripPlanner/Supporting/Info.plist";
				LD_RUNPATH_SEARCH_PATHS = "$(inherited) @executable_path/Frameworks";
				PRODUCT_BUNDLE_IDENTIFIER = com.vanyarohatgi.TripPlanner;
				PRODUCT_NAME = "$(TARGET_NAME)";
				SWIFT_VERSION = 3.0;
			};
			name = Debug;
		};
		2D9D2BDB1F259E5F00F4B343 /* Release */ = {
			isa = XCBuildConfiguration;
			baseConfigurationReference = 1AA502DB4EBE6CDE9B7EE6EB /* Pods-TripPlanner.release.xcconfig */;
			buildSettings = {
				ASSETCATALOG_COMPILER_APPICON_NAME = AppIcon;
				DEVELOPMENT_TEAM = D8FYK73U57;
				INFOPLIST_FILE = "$(SRCROOT)/TripPlanner/Supporting/Info.plist";
				LD_RUNPATH_SEARCH_PATHS = "$(inherited) @executable_path/Frameworks";
				PRODUCT_BUNDLE_IDENTIFIER = com.vanyarohatgi.TripPlanner;
				PRODUCT_NAME = "$(TARGET_NAME)";
				SWIFT_VERSION = 3.0;
			};
			name = Release;
		};
/* End XCBuildConfiguration section */

/* Begin XCConfigurationList section */
		2D9D2BC21F259E5F00F4B343 /* Build configuration list for PBXProject "TripPlanner" */ = {
			isa = XCConfigurationList;
			buildConfigurations = (
				2D9D2BD71F259E5F00F4B343 /* Debug */,
				2D9D2BD81F259E5F00F4B343 /* Release */,
			);
			defaultConfigurationIsVisible = 0;
			defaultConfigurationName = Release;
		};
		2D9D2BD91F259E5F00F4B343 /* Build configuration list for PBXNativeTarget "TripPlanner" */ = {
			isa = XCConfigurationList;
			buildConfigurations = (
				2D9D2BDA1F259E5F00F4B343 /* Debug */,
				2D9D2BDB1F259E5F00F4B343 /* Release */,
			);
			defaultConfigurationIsVisible = 0;
			defaultConfigurationName = Release;
		};
/* End XCConfigurationList section */
	};
	rootObject = 2D9D2BBF1F259E5F00F4B343 /* Project object */;
}
